
Microsoft Visual Studio Solution File, Format Version 12.00
# Visual Studio 15
VisualStudioVersion = 15.0.28307.960
MinimumVisualStudioVersion = 10.0.40219.1
Project("{9A19103F-16F7-4668-BE54-9A1E7A4F7556}") = "RecomendationService", "RecomendationService\RecomendationService.csproj", "{1759AA92-0184-4F4A-857C-469AF6EFEDD3}"
EndProject
Project("{9A19103F-16F7-4668-BE54-9A1E7A4F7556}") = "RecomendationServiceTest", "RecomendationServiceTest\RecomendationServiceTest.csproj", "{17C2E1F5-3579-4270-AB85-8441DE656C45}"
EndProject
Global
	GlobalSection(SolutionConfigurationPlatforms) = preSolution
		Debug|Any CPU = Debug|Any CPU
		Release|Any CPU = Release|Any CPU
	EndGlobalSection
	GlobalSection(ProjectConfigurationPlatforms) = postSolution
		{1759AA92-0184-4F4A-857C-469AF6EFEDD3}.Debug|Any CPU.ActiveCfg = Debug|Any CPU
		{1759AA92-0184-4F4A-857C-469AF6EFEDD3}.Debug|Any CPU.Build.0 = Debug|Any CPU
		{1759AA92-0184-4F4A-857C-469AF6EFEDD3}.Release|Any CPU.ActiveCfg = Release|Any CPU
		{1759AA92-0184-4F4A-857C-469AF6EFEDD3}.Release|Any CPU.Build.0 = Release|Any CPU
		{17C2E1F5-3579-4270-AB85-8441DE656C45}.Debug|Any CPU.ActiveCfg = Debug|Any CPU
		{17C2E1F5-3579-4270-AB85-8441DE656C45}.Debug|Any CPU.Build.0 = Debug|Any CPU
		{17C2E1F5-3579-4270-AB85-8441DE656C45}.Release|Any CPU.ActiveCfg = Release|Any CPU
		{17C2E1F5-3579-4270-AB85-8441DE656C45}.Release|Any CPU.Build.0 = Release|Any CPU
	EndGlobalSection
	GlobalSection(SolutionProperties) = preSolution
		HideSolutionNode = FALSE
	EndGlobalSection
	GlobalSection(ExtensibilityGlobals) = postSolution
		SolutionGuid = {4D8AF03A-49D6-4D4C-BF98-B64182C05499}
	EndGlobalSection
EndGlobal
